
Microsoft Visual Studio Solution File, Format Version 12.00
# Visual Studio 15
VisualStudioVersion = 15.0.28010.2016
MinimumVisualStudioVersion = 10.0.40219.1
Project("{FAE04EC0-301F-11D3-BF4B-00C04F79EFBC}") = "DAL", "DAL\DAL.csproj", "{23A847C3-FA6E-4BD3-8154-F242A1932D51}"
EndProject
Project("{FAE04EC0-301F-11D3-BF4B-00C04F79EFBC}") = "UI", "UI\UI.csproj", "{99CE538E-1BF0-46E9-961D-6430BE2CB4DF}"
EndProject
Project("{FAE04EC0-301F-11D3-BF4B-00C04F79EFBC}") = "BLL", "BLL\BLL.csproj", "{81FC6C0B-BDC7-4FB3-BDFE-1DB2ED610C6B}"
EndProject
Global
	GlobalSection(SolutionConfigurationPlatforms) = preSolution
		Debug|Any CPU = Debug|Any CPU
		Release|Any CPU = Release|Any CPU
	EndGlobalSection
	GlobalSection(ProjectConfigurationPlatforms) = postSolution
		{23A847C3-FA6E-4BD3-8154-F242A1932D51}.Debug|Any CPU.ActiveCfg = Debug|Any CPU
		{23A847C3-FA6E-4BD3-8154-F242A1932D51}.Debug|Any CPU.Build.0 = Debug|Any CPU
		{23A847C3-FA6E-4BD3-8154-F242A1932D51}.Release|Any CPU.ActiveCfg = Release|Any CPU
		{23A847C3-FA6E-4BD3-8154-F242A1932D51}.Release|Any CPU.Build.0 = Release|Any CPU
		{99CE538E-1BF0-46E9-961D-6430BE2CB4DF}.Debug|Any CPU.ActiveCfg = Debug|Any CPU
		{99CE538E-1BF0-46E9-961D-6430BE2CB4DF}.Debug|Any CPU.Build.0 = Debug|Any CPU
		{99CE538E-1BF0-46E9-961D-6430BE2CB4DF}.Release|Any CPU.ActiveCfg = Release|Any CPU
		{99CE538E-1BF0-46E9-961D-6430BE2CB4DF}.Release|Any CPU.Build.0 = Release|Any CPU
		{81FC6C0B-BDC7-4FB3-BDFE-1DB2ED610C6B}.Debug|Any CPU.ActiveCfg = Debug|Any CPU
		{81FC6C0B-BDC7-4FB3-BDFE-1DB2ED610C6B}.Debug|Any CPU.Build.0 = Debug|Any CPU
		{81FC6C0B-BDC7-4FB3-BDFE-1DB2ED610C6B}.Release|Any CPU.ActiveCfg = Release|Any CPU
		{81FC6C0B-BDC7-4FB3-BDFE-1DB2ED610C6B}.Release|Any CPU.Build.0 = Release|Any CPU
	EndGlobalSection
	GlobalSection(SolutionProperties) = preSolution
		HideSolutionNode = FALSE
	EndGlobalSection
	GlobalSection(ExtensibilityGlobals) = postSolution
		SolutionGuid = {AA6F161F-850B-44FE-8426-CE857B02B67B}
	EndGlobalSection
EndGlobal
